
Microsoft Visual Studio Solution File, Format Version 12.00
# Visual Studio 15
VisualStudioVersion = 15.0.28307.329
MinimumVisualStudioVersion = 10.0.40219.1
Project("{FAE04EC0-301F-11D3-BF4B-00C04F79EFBC}") = "MobileAppsDev2_XamarinProject.Android", "MobileAppsDev2_XamarinProject\MobileAppsDev2_XamarinProject.Android\MobileAppsDev2_XamarinProject.Android.csproj", "{038CE958-C009-40BC-8CA0-3B337170C02F}"
EndProject
Project("{FAE04EC0-301F-11D3-BF4B-00C04F79EFBC}") = "MobileAppsDev2_XamarinProject.UWP", "MobileAppsDev2_XamarinProject\MobileAppsDev2_XamarinProject.UWP\MobileAppsDev2_XamarinProject.UWP.csproj", "{09ABCF70-0CD2-4FC9-879A-02B70C60300B}"
EndProject
Project("{FAE04EC0-301F-11D3-BF4B-00C04F79EFBC}") = "MobileAppsDev2_XamarinProject", "MobileAppsDev2_XamarinProject\MobileAppsDev2_XamarinProject\MobileAppsDev2_XamarinProject.csproj", "{B742F92B-ECD4-40DE-B1A6-ED2A9B3C4734}"
EndProject
Global
	GlobalSection(SolutionConfigurationPlatforms) = preSolution
		Debug|Any CPU = Debug|Any CPU
		Debug|ARM = Debug|ARM
		Debug|x64 = Debug|x64
		Debug|x86 = Debug|x86
		Release|Any CPU = Release|Any CPU
		Release|ARM = Release|ARM
		Release|x64 = Release|x64
		Release|x86 = Release|x86
	EndGlobalSection
	GlobalSection(ProjectConfigurationPlatforms) = postSolution
		{038CE958-C009-40BC-8CA0-3B337170C02F}.Debug|Any CPU.ActiveCfg = Debug|Any CPU
		{038CE958-C009-40BC-8CA0-3B337170C02F}.Debug|Any CPU.Build.0 = Debug|Any CPU
		{038CE958-C009-40BC-8CA0-3B337170C02F}.Debug|Any CPU.Deploy.0 = Debug|Any CPU
		{038CE958-C009-40BC-8CA0-3B337170C02F}.Debug|ARM.ActiveCfg = Debug|Any CPU
		{038CE958-C009-40BC-8CA0-3B337170C02F}.Debug|ARM.Build.0 = Debug|Any CPU
		{038CE958-C009-40BC-8CA0-3B337170C02F}.Debug|ARM.Deploy.0 = Debug|Any CPU
		{038CE958-C009-40BC-8CA0-3B337170C02F}.Debug|x64.ActiveCfg = Debug|Any CPU
		{038CE958-C009-40BC-8CA0-3B337170C02F}.Debug|x64.Build.0 = Debug|Any CPU
		{038CE958-C009-40BC-8CA0-3B337170C02F}.Debug|x64.Deploy.0 = Debug|Any CPU
		{038CE958-C009-40BC-8CA0-3B337170C02F}.Debug|x86.ActiveCfg = Debug|Any CPU
		{038CE958-C009-40BC-8CA0-3B337170C02F}.Debug|x86.Build.0 = Debug|Any CPU
		{038CE958-C009-40BC-8CA0-3B337170C02F}.Debug|x86.Deploy.0 = Debug|Any CPU
		{038CE958-C009-40BC-8CA0-3B337170C02F}.Release|Any CPU.ActiveCfg = Release|Any CPU
		{038CE958-C009-40BC-8CA0-3B337170C02F}.Release|Any CPU.Build.0 = Release|Any CPU
		{038CE958-C009-40BC-8CA0-3B337170C02F}.Release|Any CPU.Deploy.0 = Release|Any CPU
		{038CE958-C009-40BC-8CA0-3B337170C02F}.Release|ARM.ActiveCfg = Release|Any CPU
		{038CE958-C009-40BC-8CA0-3B337170C02F}.Release|ARM.Build.0 = Release|Any CPU
		{038CE958-C009-40BC-8CA0-3B337170C02F}.Release|ARM.Deploy.0 = Release|Any CPU
		{038CE958-C009-40BC-8CA0-3B337170C02F}.Release|x64.ActiveCfg = Release|Any CPU
		{038CE958-C009-40BC-8CA0-3B337170C02F}.Release|x64.Build.0 = Release|Any CPU
		{038CE958-C009-40BC-8CA0-3B337170C02F}.Release|x64.Deploy.0 = Release|Any CPU
		{038CE958-C009-40BC-8CA0-3B337170C02F}.Release|x86.ActiveCfg = Release|Any CPU
		{038CE958-C009-40BC-8CA0-3B337170C02F}.Release|x86.Build.0 = Release|Any CPU
		{038CE958-C009-40BC-8CA0-3B337170C02F}.Release|x86.Deploy.0 = Release|Any CPU
		{09ABCF70-0CD2-4FC9-879A-02B70C60300B}.Debug|Any CPU.ActiveCfg = Debug|x86
		{09ABCF70-0CD2-4FC9-879A-02B70C60300B}.Debug|Any CPU.Build.0 = Debug|x86
		{09ABCF70-0CD2-4FC9-879A-02B70C60300B}.Debug|Any CPU.Deploy.0 = Debug|x86
		{09ABCF70-0CD2-4FC9-879A-02B70C60300B}.Debug|ARM.ActiveCfg = Debug|ARM
		{09ABCF70-0CD2-4FC9-879A-02B70C60300B}.Debug|ARM.Build.0 = Debug|ARM
		{09ABCF70-0CD2-4FC9-879A-02B70C60300B}.Debug|ARM.Deploy.0 = Debug|ARM
		{09ABCF70-0CD2-4FC9-879A-02B70C60300B}.Debug|x64.ActiveCfg = Debug|x64
		{09ABCF70-0CD2-4FC9-879A-02B70C60300B}.Debug|x64.Build.0 = Debug|x64
		{09ABCF70-0CD2-4FC9-879A-02B70C60300B}.Debug|x64.Deploy.0 = Debug|x64
		{09ABCF70-0CD2-4FC9-879A-02B70C60300B}.Debug|x86.ActiveCfg = Debug|x86
		{09ABCF70-0CD2-4FC9-879A-02B70C60300B}.Debug|x86.Build.0 = Debug|x86
		{09ABCF70-0CD2-4FC9-879A-02B70C60300B}.Debug|x86.Deploy.0 = Debug|x86
		{09ABCF70-0CD2-4FC9-879A-02B70C60300B}.Release|Any CPU.ActiveCfg = Release|x86
		{09ABCF70-0CD2-4FC9-879A-02B70C60300B}.Release|Any CPU.Build.0 = Release|x86
		{09ABCF70-0CD2-4FC9-879A-02B70C60300B}.Release|Any CPU.Deploy.0 = Release|x86
		{09ABCF70-0CD2-4FC9-879A-02B70C60300B}.Release|ARM.ActiveCfg = Release|ARM
		{09ABCF70-0CD2-4FC9-879A-02B70C60300B}.Release|ARM.Build.0 = Release|ARM
		{09ABCF70-0CD2-4FC9-879A-02B70C60300B}.Release|ARM.Deploy.0 = Release|ARM
		{09ABCF70-0CD2-4FC9-879A-02B70C60300B}.Release|x64.ActiveCfg = Release|x64
		{09ABCF70-0CD2-4FC9-879A-02B70C60300B}.Release|x64.Build.0 = Release|x64
		{09ABCF70-0CD2-4FC9-879A-02B70C60300B}.Release|x64.Deploy.0 = Release|x64
		{09ABCF70-0CD2-4FC9-879A-02B70C60300B}.Release|x86.ActiveCfg = Release|x86
		{09ABCF70-0CD2-4FC9-879A-02B70C60300B}.Release|x86.Build.0 = Release|x86
		{09ABCF70-0CD2-4FC9-879A-02B70C60300B}.Release|x86.Deploy.0 = Release|x86
		{B742F92B-ECD4-40DE-B1A6-ED2A9B3C4734}.Debug|Any CPU.ActiveCfg = Debug|Any CPU
		{B742F92B-ECD4-40DE-B1A6-ED2A9B3C4734}.Debug|Any CPU.Build.0 = Debug|Any CPU
		{B742F92B-ECD4-40DE-B1A6-ED2A9B3C4734}.Debug|Any CPU.Deploy.0 = Debug|Any CPU
		{B742F92B-ECD4-40DE-B1A6-ED2A9B3C4734}.Debug|ARM.ActiveCfg = Debug|Any CPU
		{B742F92B-ECD4-40DE-B1A6-ED2A9B3C4734}.Debug|ARM.Build.0 = Debug|Any CPU
		{B742F92B-ECD4-40DE-B1A6-ED2A9B3C4734}.Debug|ARM.Deploy.0 = Debug|Any CPU
		{B742F92B-ECD4-40DE-B1A6-ED2A9B3C4734}.Debug|x64.ActiveCfg = Debug|Any CPU
		{B742F92B-ECD4-40DE-B1A6-ED2A9B3C4734}.Debug|x64.Build.0 = Debug|Any CPU
		{B742F92B-ECD4-40DE-B1A6-ED2A9B3C4734}.Debug|x64.Deploy.0 = Debug|Any CPU
		{B742F92B-ECD4-40DE-B1A6-ED2A9B3C4734}.Debug|x86.ActiveCfg = Debug|Any CPU
		{B742F92B-ECD4-40DE-B1A6-ED2A9B3C4734}.Debug|x86.Build.0 = Debug|Any CPU
		{B742F92B-ECD4-40DE-B1A6-ED2A9B3C4734}.Debug|x86.Deploy.0 = Debug|Any CPU
		{B742F92B-ECD4-40DE-B1A6-ED2A9B3C4734}.Release|Any CPU.ActiveCfg = Release|Any CPU
		{B742F92B-ECD4-40DE-B1A6-ED2A9B3C4734}.Release|Any CPU.Build.0 = Release|Any CPU
		{B742F92B-ECD4-40DE-B1A6-ED2A9B3C4734}.Release|Any CPU.Deploy.0 = Release|Any CPU
		{B742F92B-ECD4-40DE-B1A6-ED2A9B3C4734}.Release|ARM.ActiveCfg = Release|Any CPU
		{B742F92B-ECD4-40DE-B1A6-ED2A9B3C4734}.Release|ARM.Build.0 = Release|Any CPU
		{B742F92B-ECD4-40DE-B1A6-ED2A9B3C4734}.Release|ARM.Deploy.0 = Release|Any CPU
		{B742F92B-ECD4-40DE-B1A6-ED2A9B3C4734}.Release|x64.ActiveCfg = Release|Any CPU
		{B742F92B-ECD4-40DE-B1A6-ED2A9B3C4734}.Release|x64.Build.0 = Release|Any CPU
		{B742F92B-ECD4-40DE-B1A6-ED2A9B3C4734}.Release|x64.Deploy.0 = Release|Any CPU
		{B742F92B-ECD4-40DE-B1A6-ED2A9B3C4734}.Release|x86.ActiveCfg = Release|Any CPU
		{B742F92B-ECD4-40DE-B1A6-ED2A9B3C4734}.Release|x86.Build.0 = Release|Any CPU
		{B742F92B-ECD4-40DE-B1A6-ED2A9B3C4734}.Release|x86.Deploy.0 = Release|Any CPU
	EndGlobalSection
	GlobalSection(SolutionProperties) = preSolution
		HideSolutionNode = FALSE
	EndGlobalSection
	GlobalSection(ExtensibilityGlobals) = postSolution
		SolutionGuid = {F009F0F0-AA1C-4F02-87E1-98EB01A9EFD5}
	EndGlobalSection
EndGlobal
